// !$*UTF8*$!
{
	archiveVersion = 1;
	classes = {
	};
	objectVersion = 56;
	objects = {

/* Begin PBXBuildFile section */
		2D8C359F2CEF0A9000C8E2D6 /* HabijabiApp.swift in Sources */ = {isa = PBXBuildFile; fileRef = 2D8C359E2CEF0A9000C8E2D6 /* HabijabiApp.swift */; };
		2D8C35A12CEF0A9000C8E2D6 /* ContentView.swift in Sources */ = {isa = PBXBuildFile; fileRef = 2D8C35A02CEF0A9000C8E2D6 /* ContentView.swift */; };
		2D8C35A32CEF0A9400C8E2D6 /* Assets.xcassets in Resources */ = {isa = PBXBuildFile; fileRef = 2D8C35A22CEF0A9400C8E2D6 /* Assets.xcassets */; };
		2D8C35A62CEF0A9400C8E2D6 /* Preview Assets.xcassets in Resources */ = {isa = PBXBuildFile; fileRef = 2D8C35A52CEF0A9400C8E2D6 /* Preview Assets.xcassets */; };
		2D8C35AF2CEF0B4A00C8E2D6 /* GoogleService-Info.plist in Resources */ = {isa = PBXBuildFile; fileRef = 2D8C35AE2CEF0B4A00C8E2D6 /* GoogleService-Info.plist */; };
		2D8C35B22CEF0B9600C8E2D6 /* FirebaseAnalytics in Frameworks */ = {isa = PBXBuildFile; productRef = 2D8C35B12CEF0B9600C8E2D6 /* FirebaseAnalytics */; };
		2D8C35B42CEF0B9600C8E2D6 /* FirebaseAnalyticsOnDeviceConversion in Frameworks */ = {isa = PBXBuildFile; productRef = 2D8C35B32CEF0B9600C8E2D6 /* FirebaseAnalyticsOnDeviceConversion */; };
		2D8C35B62CEF0B9600C8E2D6 /* FirebaseAnalyticsWithoutAdIdSupport in Frameworks */ = {isa = PBXBuildFile; productRef = 2D8C35B52CEF0B9600C8E2D6 /* FirebaseAnalyticsWithoutAdIdSupport */; };
		2D8C35B82CEF0B9600C8E2D6 /* FirebaseAppCheck in Frameworks */ = {isa = PBXBuildFile; productRef = 2D8C35B72CEF0B9600C8E2D6 /* FirebaseAppCheck */; };
		2D8C35BA2CEF0B9600C8E2D6 /* FirebaseAppDistribution-Beta in Frameworks */ = {isa = PBXBuildFile; productRef = 2D8C35B92CEF0B9600C8E2D6 /* FirebaseAppDistribution-Beta */; };
		2D8C35BD2CEF0CC700C8E2D6 /* FirebaseAuth in Frameworks */ = {isa = PBXBuildFile; productRef = 2D8C35BC2CEF0CC700C8E2D6 /* FirebaseAuth */; };
		2D8C35BF2CEF0CCC00C8E2D6 /* FirebaseCore in Frameworks */ = {isa = PBXBuildFile; productRef = 2D8C35BE2CEF0CCC00C8E2D6 /* FirebaseCore */; };
		2D8C35C12CEF0CD700C8E2D6 /* FirebaseFirestore in Frameworks */ = {isa = PBXBuildFile; productRef = 2D8C35C02CEF0CD700C8E2D6 /* FirebaseFirestore */; };
/* End PBXBuildFile section */

/* Begin PBXFileReference section */
		2D8C359B2CEF0A9000C8E2D6 /* Habijabi.app */ = {isa = PBXFileReference; explicitFileType = wrapper.application; includeInIndex = 0; path = Habijabi.app; sourceTree = BUILT_PRODUCTS_DIR; };
		2D8C359E2CEF0A9000C8E2D6 /* HabijabiApp.swift */ = {isa = PBXFileReference; lastKnownFileType = sourcecode.swift; path = HabijabiApp.swift; sourceTree = "<group>"; };
		2D8C35A02CEF0A9000C8E2D6 /* ContentView.swift */ = {isa = PBXFileReference; lastKnownFileType = sourcecode.swift; path = ContentView.swift; sourceTree = "<group>"; };
		2D8C35A22CEF0A9400C8E2D6 /* Assets.xcassets */ = {isa = PBXFileReference; lastKnownFileType = folder.assetcatalog; path = Assets.xcassets; sourceTree = "<group>"; };
		2D8C35A52CEF0A9400C8E2D6 /* Preview Assets.xcassets */ = {isa = PBXFileReference; lastKnownFileType = folder.assetcatalog; path = "Preview Assets.xcassets"; sourceTree = "<group>"; };
		2D8C35AE2CEF0B4A00C8E2D6 /* GoogleService-Info.plist */ = {isa = PBXFileReference; fileEncoding = 4; lastKnownFileType = text.plist.xml; path = "GoogleService-Info.plist"; sourceTree = "<group>"; };
/* End PBXFileReference section */

/* Begin PBXFrameworksBuildPhase section */
		2D8C35982CEF0A9000C8E2D6 /* Frameworks */ = {
			isa = PBXFrameworksBuildPhase;
			buildActionMask = 2147483647;
			files = (
				2D8C35B82CEF0B9600C8E2D6 /* FirebaseAppCheck in Frameworks */,
				2D8C35BD2CEF0CC700C8E2D6 /* FirebaseAuth in Frameworks */,
				2D8C35B22CEF0B9600C8E2D6 /* FirebaseAnalytics in Frameworks */,
				2D8C35BA2CEF0B9600C8E2D6 /* FirebaseAppDistribution-Beta in Frameworks */,
				2D8C35BF2CEF0CCC00C8E2D6 /* FirebaseCore in Frameworks */,
				2D8C35C12CEF0CD700C8E2D6 /* FirebaseFirestore in Frameworks */,
				2D8C35B62CEF0B9600C8E2D6 /* FirebaseAnalyticsWithoutAdIdSupport in Frameworks */,
				2D8C35B42CEF0B9600C8E2D6 /* FirebaseAnalyticsOnDeviceConversion in Frameworks */,
			);
			runOnlyForDeploymentPostprocessing = 0;
		};
/* End PBXFrameworksBuildPhase section */

/* Begin PBXGroup section */
		2D8C35922CEF0A9000C8E2D6 = {
			isa = PBXGroup;
			children = (
				2D8C359D2CEF0A9000C8E2D6 /* Habijabi */,
				2D8C359C2CEF0A9000C8E2D6 /* Products */,
				2D8C35BB2CEF0CC700C8E2D6 /* Frameworks */,
			);
			sourceTree = "<group>";
		};
		2D8C359C2CEF0A9000C8E2D6 /* Products */ = {
			isa = PBXGroup;
			children = (
				2D8C359B2CEF0A9000C8E2D6 /* Habijabi.app */,
			);
			name = Products;
			sourceTree = "<group>";
		};
		2D8C359D2CEF0A9000C8E2D6 /* Habijabi */ = {
			isa = PBXGroup;
			children = (
				2D8C35AE2CEF0B4A00C8E2D6 /* GoogleService-Info.plist */,
				2D8C359E2CEF0A9000C8E2D6 /* HabijabiApp.swift */,
				2D8C35A02CEF0A9000C8E2D6 /* ContentView.swift */,
				2D8C35A22CEF0A9400C8E2D6 /* Assets.xcassets */,
				2D8C35A42CEF0A9400C8E2D6 /* Preview Content */,
			);
			path = Habijabi;
			sourceTree = "<group>";
		};
		2D8C35A42CEF0A9400C8E2D6 /* Preview Content */ = {
			isa = PBXGroup;
			children = (
				2D8C35A52CEF0A9400C8E2D6 /* Preview Assets.xcassets */,
			);
			path = "Preview Content";
			sourceTree = "<group>";
		};
		2D8C35BB2CEF0CC700C8E2D6 /* Frameworks */ = {
			isa = PBXGroup;
			children = (
			);
			name = Frameworks;
			sourceTree = "<group>";
		};
/* End PBXGroup section */

/* Begin PBXNativeTarget section */
		2D8C359A2CEF0A9000C8E2D6 /* Habijabi */ = {
			isa = PBXNativeTarget;
			buildConfigurationList = 2D8C35A92CEF0A9400C8E2D6 /* Build configuration list for PBXNativeTarget "Habijabi" */;
			buildPhases = (
				2D8C35972CEF0A9000C8E2D6 /* Sources */,
				2D8C35982CEF0A9000C8E2D6 /* Frameworks */,
				2D8C35992CEF0A9000C8E2D6 /* Resources */,
			);
			buildRules = (
			);
			dependencies = (
			);
			name = Habijabi;
			packageProductDependencies = (
				2D8C35B12CEF0B9600C8E2D6 /* FirebaseAnalytics */,
				2D8C35B32CEF0B9600C8E2D6 /* FirebaseAnalyticsOnDeviceConversion */,
				2D8C35B52CEF0B9600C8E2D6 /* FirebaseAnalyticsWithoutAdIdSupport */,
				2D8C35B72CEF0B9600C8E2D6 /* FirebaseAppCheck */,
				2D8C35B92CEF0B9600C8E2D6 /* FirebaseAppDistribution-Beta */,
				2D8C35BC2CEF0CC700C8E2D6 /* FirebaseAuth */,
				2D8C35BE2CEF0CCC00C8E2D6 /* FirebaseCore */,
				2D8C35C02CEF0CD700C8E2D6 /* FirebaseFirestore */,
			);
			productName = Habijabi;
			productReference = 2D8C359B2CEF0A9000C8E2D6 /* Habijabi.app */;
			productType = "com.apple.product-type.application";
		};
/* End PBXNativeTarget section */

/* Begin PBXProject section */
		2D8C35932CEF0A9000C8E2D6 /* Project object */ = {
			isa = PBXProject;
			attributes = {
				BuildIndependentTargetsInParallel = 1;
				LastSwiftUpdateCheck = 1520;
				LastUpgradeCheck = 1520;
				TargetAttributes = {
					2D8C359A2CEF0A9000C8E2D6 = {
						CreatedOnToolsVersion = 15.2;
					};
				};
			};
			buildConfigurationList = 2D8C35962CEF0A9000C8E2D6 /* Build configuration list for PBXProject "Habijabi" */;
			compatibilityVersion = "Xcode 14.0";
			developmentRegion = en;
			hasScannedForEncodings = 0;
			knownRegions = (
				en,
				Base,
			);
			mainGroup = 2D8C35922CEF0A9000C8E2D6;
			packageReferences = (
				2D8C35B02CEF0B9600C8E2D6 /* XCRemoteSwiftPackageReference "firebase-ios-sdk" */,
			);
			productRefGroup = 2D8C359C2CEF0A9000C8E2D6 /* Products */;
			projectDirPath = "";
			projectRoot = "";
			targets = (
				2D8C359A2CEF0A9000C8E2D6 /* Habijabi */,
			);
		};
/* End PBXProject section */

/* Begin PBXResourcesBuildPhase section */
		2D8C35992CEF0A9000C8E2D6 /* Resources */ = {
			isa = PBXResourcesBuildPhase;
			buildActionMask = 2147483647;
			files = (
				2D8C35AF2CEF0B4A00C8E2D6 /* GoogleService-Info.plist in Resources */,
				2D8C35A62CEF0A9400C8E2D6 /* Preview Assets.xcassets in Resources */,
				2D8C35A32CEF0A9400C8E2D6 /* Assets.xcassets in Resources */,
			);
			runOnlyForDeploymentPostprocessing = 0;
		};
/* End PBXResourcesBuildPhase section */

/* Begin PBXSourcesBuildPhase section */
		2D8C35972CEF0A9000C8E2D6 /* Sources */ = {
			isa = PBXSourcesBuildPhase;
			buildActionMask = 2147483647;
			files = (
				2D8C35A12CEF0A9000C8E2D6 /* ContentView.swift in Sources */,
				2D8C359F2CEF0A9000C8E2D6 /* HabijabiApp.swift in Sources */,
			);
			runOnlyForDeploymentPostprocessing = 0;
		};
/* End PBXSourcesBuildPhase section */

/* Begin XCBuildConfiguration section */
		2D8C35A72CEF0A9400C8E2D6 /* Debug */ = {
			isa = XCBuildConfiguration;
			buildSettings = {
				ALWAYS_SEARCH_USER_PATHS = NO;
				ASSETCATALOG_COMPILER_GENERATE_SWIFT_ASSET_SYMBOL_EXTENSIONS = YES;
				CLANG_ANALYZER_NONNULL = YES;
				CLANG_ANALYZER_NUMBER_OBJECT_CONVERSION = YES_AGGRESSIVE;
				CLANG_CXX_LANGUAGE_STANDARD = "gnu++20";
				CLANG_ENABLE_MODULES = YES;
				CLANG_ENABLE_OBJC_ARC = YES;
				CLANG_ENABLE_OBJC_WEAK = YES;
				CLANG_WARN_BLOCK_CAPTURE_AUTORELEASING = YES;
				CLANG_WARN_BOOL_CONVERSION = YES;
				CLANG_WARN_COMMA = YES;
				CLANG_WARN_CONSTANT_CONVERSION = YES;
				CLANG_WARN_DEPRECATED_OBJC_IMPLEMENTATIONS = YES;
				CLANG_WARN_DIRECT_OBJC_ISA_USAGE = YES_ERROR;
				CLANG_WARN_DOCUMENTATION_COMMENTS = YES;
				CLANG_WARN_EMPTY_BODY = YES;
				CLANG_WARN_ENUM_CONVERSION = YES;
				CLANG_WARN_INFINITE_RECURSION = YES;
				CLANG_WARN_INT_CONVERSION = YES;
				CLANG_WARN_NON_LITERAL_NULL_CONVERSION = YES;
				CLANG_WARN_OBJC_IMPLICIT_RETAIN_SELF = YES;
				CLANG_WARN_OBJC_LITERAL_CONVERSION = YES;
				CLANG_WARN_OBJC_ROOT_CLASS = YES_ERROR;
				CLANG_WARN_QUOTED_INCLUDE_IN_FRAMEWORK_HEADER = YES;
				CLANG_WARN_RANGE_LOOP_ANALYSIS = YES;
				CLANG_WARN_STRICT_PROTOTYPES = YES;
				CLANG_WARN_SUSPICIOUS_MOVE = YES;
				CLANG_WARN_UNGUARDED_AVAILABILITY = YES_AGGRESSIVE;
				CLANG_WARN_UNREACHABLE_CODE = YES;
				CLANG_WARN__DUPLICATE_METHOD_MATCH = YES;
				COPY_PHASE_STRIP = NO;
				DEBUG_INFORMATION_FORMAT = dwarf;
				ENABLE_STRICT_OBJC_MSGSEND = YES;
				ENABLE_TESTABILITY = YES;
				ENABLE_USER_SCRIPT_SANDBOXING = YES;
				GCC_C_LANGUAGE_STANDARD = gnu17;
				GCC_DYNAMIC_NO_PIC = NO;
				GCC_NO_COMMON_BLOCKS = YES;
				GCC_OPTIMIZATION_LEVEL = 0;
				GCC_PREPROCESSOR_DEFINITIONS = (
					"DEBUG=1",
					"$(inherited)",
				);
				GCC_WARN_64_TO_32_BIT_CONVERSION = YES;
				GCC_WARN_ABOUT_RETURN_TYPE = YES_ERROR;
				GCC_WARN_UNDECLARED_SELECTOR = YES;
				GCC_WARN_UNINITIALIZED_AUTOS = YES_AGGRESSIVE;
				GCC_WARN_UNUSED_FUNCTION = YES;
				GCC_WARN_UNUSED_VARIABLE = YES;
				IPHONEOS_DEPLOYMENT_TARGET = 17.2;
				LOCALIZATION_PREFERS_STRING_CATALOGS = YES;
				MTL_ENABLE_DEBUG_INFO = INCLUDE_SOURCE;
				MTL_FAST_MATH = YES;
				ONLY_ACTIVE_ARCH = YES;
				OTHER_LDFLAGS = "-ObjC";
				SDKROOT = iphoneos;
				SWIFT_ACTIVE_COMPILATION_CONDITIONS = "DEBUG $(inherited)";
				SWIFT_OPTIMIZATION_LEVEL = "-Onone";
			};
			name = Debug;
		};
		2D8C35A82CEF0A9400C8E2D6 /* Release */ = {
			isa = XCBuildConfiguration;
			buildSettings = {
				ALWAYS_SEARCH_USER_PATHS = NO;
				ASSETCATALOG_COMPILER_GENERATE_SWIFT_ASSET_SYMBOL_EXTENSIONS = YES;
				CLANG_ANALYZER_NONNULL = YES;
				CLANG_ANALYZER_NUMBER_OBJECT_CONVERSION = YES_AGGRESSIVE;
				CLANG_CXX_LANGUAGE_STANDARD = "gnu++20";
				CLANG_ENABLE_MODULES = YES;
				CLANG_ENABLE_OBJC_ARC = YES;
				CLANG_ENABLE_OBJC_WEAK = YES;
				CLANG_WARN_BLOCK_CAPTURE_AUTORELEASING = YES;
				CLANG_WARN_BOOL_CONVERSION = YES;
				CLANG_WARN_COMMA = YES;
				CLANG_WARN_CONSTANT_CONVERSION = YES;
				CLANG_WARN_DEPRECATED_OBJC_IMPLEMENTATIONS = YES;
				CLANG_WARN_DIRECT_OBJC_ISA_USAGE = YES_ERROR;
				CLANG_WARN_DOCUMENTATION_COMMENTS = YES;
				CLANG_WARN_EMPTY_BODY = YES;
				CLANG_WARN_ENUM_CONVERSION = YES;
				CLANG_WARN_INFINITE_RECURSION = YES;
				CLANG_WARN_INT_CONVERSION = YES;
				CLANG_WARN_NON_LITERAL_NULL_CONVERSION = YES;
				CLANG_WARN_OBJC_IMPLICIT_RETAIN_SELF = YES;
				CLANG_WARN_OBJC_LITERAL_CONVERSION = YES;
				CLANG_WARN_OBJC_ROOT_CLASS = YES_ERROR;
				CLANG_WARN_QUOTED_INCLUDE_IN_FRAMEWORK_HEADER = YES;
				CLANG_WARN_RANGE_LOOP_ANALYSIS = YES;
				CLANG_WARN_STRICT_PROTOTYPES = YES;
				CLANG_WARN_SUSPICIOUS_MOVE = YES;
				CLANG_WARN_UNGUARDED_AVAILABILITY = YES_AGGRESSIVE;
				CLANG_WARN_UNREACHABLE_CODE = YES;
				CLANG_WARN__DUPLICATE_METHOD_MATCH = YES;
				COPY_PHASE_STRIP = NO;
				DEBUG_INFORMATION_FORMAT = "dwarf-with-dsym";
				ENABLE_NS_ASSERTIONS = NO;
				ENABLE_STRICT_OBJC_MSGSEND = YES;
				ENABLE_USER_SCRIPT_SANDBOXING = YES;
				GCC_C_LANGUAGE_STANDARD = gnu17;
				GCC_NO_COMMON_BLOCKS = YES;
				GCC_WARN_64_TO_32_BIT_CONVERSION = YES;
				GCC_WARN_ABOUT_RETURN_TYPE = YES_ERROR;
				GCC_WARN_UNDECLARED_SELECTOR = YES;
				GCC_WARN_UNINITIALIZED_AUTOS = YES_AGGRESSIVE;
				GCC_WARN_UNUSED_FUNCTION = YES;
				GCC_WARN_UNUSED_VARIABLE = YES;
				IPHONEOS_DEPLOYMENT_TARGET = 17.2;
				LOCALIZATION_PREFERS_STRING_CATALOGS = YES;
				MTL_ENABLE_DEBUG_INFO = NO;
				MTL_FAST_MATH = YES;
				OTHER_LDFLAGS = "-ObjC";
				SDKROOT = iphoneos;
				SWIFT_COMPILATION_MODE = wholemodule;
				VALIDATE_PRODUCT = YES;
			};
			name = Release;
		};
		2D8C35AA2CEF0A9400C8E2D6 /* Debug */ = {
			isa = XCBuildConfiguration;
			buildSettings = {
				ASSETCATALOG_COMPILER_APPICON_NAME = AppIcon;
				ASSETCATALOG_COMPILER_GLOBAL_ACCENT_COLOR_NAME = AccentColor;
				CODE_SIGN_STYLE = Automatic;
				CURRENT_PROJECT_VERSION = 1;
				DEVELOPMENT_ASSET_PATHS = "\"Habijabi/Preview Content\"";
				ENABLE_PREVIEWS = YES;
				GENERATE_INFOPLIST_FILE = YES;
				INFOPLIST_KEY_UIApplicationSceneManifest_Generation = YES;
				INFOPLIST_KEY_UIApplicationSupportsIndirectInputEvents = YES;
				INFOPLIST_KEY_UILaunchScreen_Generation = YES;
				INFOPLIST_KEY_UISupportedInterfaceOrientations_iPad = "UIInterfaceOrientationPortrait UIInterfaceOrientationPortraitUpsideDown UIInterfaceOrientationLandscapeLeft UIInterfaceOrientationLandscapeRight";
				INFOPLIST_KEY_UISupportedInterfaceOrientations_iPhone = "UIInterfaceOrientationPortrait UIInterfaceOrientationLandscapeLeft UIInterfaceOrientationLandscapeRight";
				LD_RUNPATH_SEARCH_PATHS = (
					"$(inherited)",
					"@executable_path/Frameworks",
				);
				MARKETING_VERSION = 1.0;
				PRODUCT_BUNDLE_IDENTIFIER = com.Habijabi;
				PRODUCT_NAME = "$(TARGET_NAME)";
				SWIFT_EMIT_LOC_STRINGS = YES;
				SWIFT_VERSION = 5.0;
				TARGETED_DEVICE_FAMILY = "1,2";
			};
			name = Debug;
		};
		2D8C35AB2CEF0A9400C8E2D6 /* Release */ = {
			isa = XCBuildConfiguration;
			buildSettings = {
				ASSETCATALOG_COMPILER_APPICON_NAME = AppIcon;
				ASSETCATALOG_COMPILER_GLOBAL_ACCENT_COLOR_NAME = AccentColor;
				CODE_SIGN_STYLE = Automatic;
				CURRENT_PROJECT_VERSION = 1;
				DEVELOPMENT_ASSET_PATHS = "\"Habijabi/Preview Content\"";
				ENABLE_PREVIEWS = YES;
				GENERATE_INFOPLIST_FILE = YES;
				INFOPLIST_KEY_UIApplicationSceneManifest_Generation = YES;
				INFOPLIST_KEY_UIApplicationSupportsIndirectInputEvents = YES;
				INFOPLIST_KEY_UILaunchScreen_Generation = YES;
				INFOPLIST_KEY_UISupportedInterfaceOrientations_iPad = "UIInterfaceOrientationPortrait UIInterfaceOrientationPortraitUpsideDown UIInterfaceOrientationLandscapeLeft UIInterfaceOrientationLandscapeRight";
				INFOPLIST_KEY_UISupportedInterfaceOrientations_iPhone = "UIInterfaceOrientationPortrait UIInterfaceOrientationLandscapeLeft UIInterfaceOrientationLandscapeRight";
				LD_RUNPATH_SEARCH_PATHS = (
					"$(inherited)",
					"@executable_path/Frameworks",
				);
				MARKETING_VERSION = 1.0;
				PRODUCT_BUNDLE_IDENTIFIER = com.Habijabi;
				PRODUCT_NAME = "$(TARGET_NAME)";
				SWIFT_EMIT_LOC_STRINGS = YES;
				SWIFT_VERSION = 5.0;
				TARGETED_DEVICE_FAMILY = "1,2";
			};
			name = Release;
		};
/* End XCBuildConfiguration section */

/* Begin XCConfigurationList section */
		2D8C35962CEF0A9000C8E2D6 /* Build configuration list for PBXProject "Habijabi" */ = {
			isa = XCConfigurationList;
			buildConfigurations = (
				2D8C35A72CEF0A9400C8E2D6 /* Debug */,
				2D8C35A82CEF0A9400C8E2D6 /* Release */,
			);
			defaultConfigurationIsVisible = 0;
			defaultConfigurationName = Release;
		};
		2D8C35A92CEF0A9400C8E2D6 /* Build configuration list for PBXNativeTarget "Habijabi" */ = {
			isa = XCConfigurationList;
			buildConfigurations = (
				2D8C35AA2CEF0A9400C8E2D6 /* Debug */,
				2D8C35AB2CEF0A9400C8E2D6 /* Release */,
			);
			defaultConfigurationIsVisible = 0;
			defaultConfigurationName = Release;
		};
/* End XCConfigurationList section */

/* Begin XCRemoteSwiftPackageReference section */
		2D8C35B02CEF0B9600C8E2D6 /* XCRemoteSwiftPackageReference "firebase-ios-sdk" */ = {
			isa = XCRemoteSwiftPackageReference;
			repositoryURL = "https://github.com/firebase/firebase-ios-sdk.git";
			requirement = {
				kind = upToNextMajorVersion;
				minimumVersion = 11.5.0;
			};
		};
/* End XCRemoteSwiftPackageReference section */

/* Begin XCSwiftPackageProductDependency section */
		2D8C35B12CEF0B9600C8E2D6 /* FirebaseAnalytics */ = {
			isa = XCSwiftPackageProductDependency;
			package = 2D8C35B02CEF0B9600C8E2D6 /* XCRemoteSwiftPackageReference "firebase-ios-sdk" */;
			productName = FirebaseAnalytics;
		};
		2D8C35B32CEF0B9600C8E2D6 /* FirebaseAnalyticsOnDeviceConversion */ = {
			isa = XCSwiftPackageProductDependency;
			package = 2D8C35B02CEF0B9600C8E2D6 /* XCRemoteSwiftPackageReference "firebase-ios-sdk" */;
			productName = FirebaseAnalyticsOnDeviceConversion;
		};
		2D8C35B52CEF0B9600C8E2D6 /* FirebaseAnalyticsWithoutAdIdSupport */ = {
			isa = XCSwiftPackageProductDependency;
			package = 2D8C35B02CEF0B9600C8E2D6 /* XCRemoteSwiftPackageReference "firebase-ios-sdk" */;
			productName = FirebaseAnalyticsWithoutAdIdSupport;
		};
		2D8C35B72CEF0B9600C8E2D6 /* FirebaseAppCheck */ = {
			isa = XCSwiftPackageProductDependency;
			package = 2D8C35B02CEF0B9600C8E2D6 /* XCRemoteSwiftPackageReference "firebase-ios-sdk" */;
			productName = FirebaseAppCheck;
		};
		2D8C35B92CEF0B9600C8E2D6 /* FirebaseAppDistribution-Beta */ = {
			isa = XCSwiftPackageProductDependency;
			package = 2D8C35B02CEF0B9600C8E2D6 /* XCRemoteSwiftPackageReference "firebase-ios-sdk" */;
			productName = "FirebaseAppDistribution-Beta";
		};
		2D8C35BC2CEF0CC700C8E2D6 /* FirebaseAuth */ = {
			isa = XCSwiftPackageProductDependency;
			package = 2D8C35B02CEF0B9600C8E2D6 /* XCRemoteSwiftPackageReference "firebase-ios-sdk" */;
			productName = FirebaseAuth;
		};
		2D8C35BE2CEF0CCC00C8E2D6 /* FirebaseCore */ = {
			isa = XCSwiftPackageProductDependency;
			package = 2D8C35B02CEF0B9600C8E2D6 /* XCRemoteSwiftPackageReference "firebase-ios-sdk" */;
			productName = FirebaseCore;
		};
		2D8C35C02CEF0CD700C8E2D6 /* FirebaseFirestore */ = {
			isa = XCSwiftPackageProductDependency;
			package = 2D8C35B02CEF0B9600C8E2D6 /* XCRemoteSwiftPackageReference "firebase-ios-sdk" */;
			productName = FirebaseFirestore;
		};
/* End XCSwiftPackageProductDependency section */
	};
	rootObject = 2D8C35932CEF0A9000C8E2D6 /* Project object */;
}
